// !$*UTF8*$!
{
	archiveVersion = 1;
	classes = {
	};
	objectVersion = 56;
	objects = {

/* Begin PBXBuildFile section */
		FD2576332C7F245400709493 /* DetailsAPIWorker.swift in Sources */ = {isa = PBXBuildFile; fileRef = FD2576322C7F245400709493 /* DetailsAPIWorker.swift */; };
		FD2576352C7F249300709493 /* DetailsAPIWorkerImpl.swift in Sources */ = {isa = PBXBuildFile; fileRef = FD2576342C7F249300709493 /* DetailsAPIWorkerImpl.swift */; };
		FD2576382C7F3DB400709493 /* UsersRouter.swift in Sources */ = {isa = PBXBuildFile; fileRef = FD2576372C7F3DB400709493 /* UsersRouter.swift */; };
		FD25763A2C7F3E4E00709493 /* UsersRouterImpl.swift in Sources */ = {isa = PBXBuildFile; fileRef = FD2576392C7F3E4E00709493 /* UsersRouterImpl.swift */; };
		FD4174042C74CC8B005771EA /* VIPHubApp.swift in Sources */ = {isa = PBXBuildFile; fileRef = FD4174032C74CC8B005771EA /* VIPHubApp.swift */; };
		FD4174062C74CC8B005771EA /* ContentView.swift in Sources */ = {isa = PBXBuildFile; fileRef = FD4174052C74CC8B005771EA /* ContentView.swift */; };
		FD4174082C74CC93005771EA /* Assets.xcassets in Resources */ = {isa = PBXBuildFile; fileRef = FD4174072C74CC93005771EA /* Assets.xcassets */; };
		FD41740B2C74CC93005771EA /* Preview Assets.xcassets in Resources */ = {isa = PBXBuildFile; fileRef = FD41740A2C74CC93005771EA /* Preview Assets.xcassets */; };
		FD4174152C74CC95005771EA /* VIPHubTests.swift in Sources */ = {isa = PBXBuildFile; fileRef = FD4174142C74CC95005771EA /* VIPHubTests.swift */; };
		FD41741F2C74CC95005771EA /* VIPHubUITests.swift in Sources */ = {isa = PBXBuildFile; fileRef = FD41741E2C74CC95005771EA /* VIPHubUITests.swift */; };
		FD4174212C74CC95005771EA /* VIPHubUITestsLaunchTests.swift in Sources */ = {isa = PBXBuildFile; fileRef = FD4174202C74CC95005771EA /* VIPHubUITestsLaunchTests.swift */; };
		FD4174322C74CF25005771EA /* UsersView.swift in Sources */ = {isa = PBXBuildFile; fileRef = FD4174312C74CF25005771EA /* UsersView.swift */; };
		FD4174342C74CF38005771EA /* UsersViewProtocol.swift in Sources */ = {isa = PBXBuildFile; fileRef = FD4174332C74CF38005771EA /* UsersViewProtocol.swift */; };
		FD4174362C74CFFD005771EA /* UsersInteractor.swift in Sources */ = {isa = PBXBuildFile; fileRef = FD4174352C74CFFD005771EA /* UsersInteractor.swift */; };
		FD4174382C74D143005771EA /* UsersInteractorProtocol.swift in Sources */ = {isa = PBXBuildFile; fileRef = FD4174372C74D143005771EA /* UsersInteractorProtocol.swift */; };
		FD41743A2C74D185005771EA /* UsersPresenterProtocol.swift in Sources */ = {isa = PBXBuildFile; fileRef = FD4174392C74D185005771EA /* UsersPresenterProtocol.swift */; };
		FD41743C2C74D197005771EA /* UsersPresenter.swift in Sources */ = {isa = PBXBuildFile; fileRef = FD41743B2C74D197005771EA /* UsersPresenter.swift */; };
		FD876C5B2C75CC5800E4E35E /* GHUserResponse.swift in Sources */ = {isa = PBXBuildFile; fileRef = FD876C5A2C75CC5800E4E35E /* GHUserResponse.swift */; };
		FD876C5D2C75CC6400E4E35E /* User.swift in Sources */ = {isa = PBXBuildFile; fileRef = FD876C5C2C75CC6400E4E35E /* User.swift */; };
		FD876C602C75CD1900E4E35E /* UsersCache.swift in Sources */ = {isa = PBXBuildFile; fileRef = FD876C5F2C75CD1900E4E35E /* UsersCache.swift */; };
		FD876C622C75CD2700E4E35E /* UserDetailsCache.swift in Sources */ = {isa = PBXBuildFile; fileRef = FD876C612C75CD2700E4E35E /* UserDetailsCache.swift */; };
		FD876C652C75CD7600E4E35E /* UsersAPI.swift in Sources */ = {isa = PBXBuildFile; fileRef = FD876C642C75CD7600E4E35E /* UsersAPI.swift */; };
		FD876C672C75CD9200E4E35E /* DetailsAPI.swift in Sources */ = {isa = PBXBuildFile; fileRef = FD876C662C75CD9200E4E35E /* DetailsAPI.swift */; };
		FD876C692C75CDC500E4E35E /* UsersAPIimpl.swift in Sources */ = {isa = PBXBuildFile; fileRef = FD876C682C75CDC500E4E35E /* UsersAPIimpl.swift */; };
		FD876C6B2C75CDF800E4E35E /* DetailsAPIimpl.swift in Sources */ = {isa = PBXBuildFile; fileRef = FD876C6A2C75CDF800E4E35E /* DetailsAPIimpl.swift */; };
		FD876C732C75CE9500E4E35E /* UserDetails.swift in Sources */ = {isa = PBXBuildFile; fileRef = FD876C722C75CE9500E4E35E /* UserDetails.swift */; };
		FD876C752C75CEF200E4E35E /* DetailsInteractorProtocol.swift in Sources */ = {isa = PBXBuildFile; fileRef = FD876C742C75CEF200E4E35E /* DetailsInteractorProtocol.swift */; };
		FD876C772C75CF0100E4E35E /* DetailsInteractor.swift in Sources */ = {isa = PBXBuildFile; fileRef = FD876C762C75CF0100E4E35E /* DetailsInteractor.swift */; };
		FD876C792C75CF0F00E4E35E /* DetailsPresenterProtocol.swift in Sources */ = {isa = PBXBuildFile; fileRef = FD876C782C75CF0F00E4E35E /* DetailsPresenterProtocol.swift */; };
		FD876C7B2C75CF2400E4E35E /* DetailsPresenter.swift in Sources */ = {isa = PBXBuildFile; fileRef = FD876C7A2C75CF2400E4E35E /* DetailsPresenter.swift */; };
		FD876C7D2C75CF3200E4E35E /* DetailsViewProtocol.swift in Sources */ = {isa = PBXBuildFile; fileRef = FD876C7C2C75CF3200E4E35E /* DetailsViewProtocol.swift */; };
		FD876C7F2C75CF4A00E4E35E /* DetailsView.swift in Sources */ = {isa = PBXBuildFile; fileRef = FD876C7E2C75CF4A00E4E35E /* DetailsView.swift */; };
		FD876C822C75CF6800E4E35E /* APIWorkerImpl.swift in Sources */ = {isa = PBXBuildFile; fileRef = FD876C812C75CF6800E4E35E /* APIWorkerImpl.swift */; };
		FD876C842C75CF8D00E4E35E /* APIWorker.swift in Sources */ = {isa = PBXBuildFile; fileRef = FD876C832C75CF8D00E4E35E /* APIWorker.swift */; };
		FD8AB8832C7DAC3800686155 /* GlobalState.swift in Sources */ = {isa = PBXBuildFile; fileRef = FD8AB8822C7DAC3800686155 /* GlobalState.swift */; };
/* End PBXBuildFile section */

/* Begin PBXContainerItemProxy section */
		FD4174112C74CC95005771EA /* PBXContainerItemProxy */ = {
			isa = PBXContainerItemProxy;
			containerPortal = FD4173F82C74CC8B005771EA /* Project object */;
			proxyType = 1;
			remoteGlobalIDString = FD4173FF2C74CC8B005771EA;
			remoteInfo = VIPHub;
		};
		FD41741B2C74CC95005771EA /* PBXContainerItemProxy */ = {
			isa = PBXContainerItemProxy;
			containerPortal = FD4173F82C74CC8B005771EA /* Project object */;
			proxyType = 1;
			remoteGlobalIDString = FD4173FF2C74CC8B005771EA;
			remoteInfo = VIPHub;
		};
/* End PBXContainerItemProxy section */

/* Begin PBXFileReference section */
		FD2576322C7F245400709493 /* DetailsAPIWorker.swift */ = {isa = PBXFileReference; lastKnownFileType = sourcecode.swift; path = DetailsAPIWorker.swift; sourceTree = "<group>"; };
		FD2576342C7F249300709493 /* DetailsAPIWorkerImpl.swift */ = {isa = PBXFileReference; lastKnownFileType = sourcecode.swift; path = DetailsAPIWorkerImpl.swift; sourceTree = "<group>"; };
		FD2576372C7F3DB400709493 /* UsersRouter.swift */ = {isa = PBXFileReference; lastKnownFileType = sourcecode.swift; path = UsersRouter.swift; sourceTree = "<group>"; };
		FD2576392C7F3E4E00709493 /* UsersRouterImpl.swift */ = {isa = PBXFileReference; lastKnownFileType = sourcecode.swift; path = UsersRouterImpl.swift; sourceTree = "<group>"; };
		FD4174002C74CC8B005771EA /* VIPHub.app */ = {isa = PBXFileReference; explicitFileType = wrapper.application; includeInIndex = 0; path = VIPHub.app; sourceTree = BUILT_PRODUCTS_DIR; };
		FD4174032C74CC8B005771EA /* VIPHubApp.swift */ = {isa = PBXFileReference; lastKnownFileType = sourcecode.swift; path = VIPHubApp.swift; sourceTree = "<group>"; };
		FD4174052C74CC8B005771EA /* ContentView.swift */ = {isa = PBXFileReference; lastKnownFileType = sourcecode.swift; path = ContentView.swift; sourceTree = "<group>"; };
		FD4174072C74CC93005771EA /* Assets.xcassets */ = {isa = PBXFileReference; lastKnownFileType = folder.assetcatalog; path = Assets.xcassets; sourceTree = "<group>"; };
		FD41740A2C74CC93005771EA /* Preview Assets.xcassets */ = {isa = PBXFileReference; lastKnownFileType = folder.assetcatalog; path = "Preview Assets.xcassets"; sourceTree = "<group>"; };
		FD4174102C74CC95005771EA /* VIPHubTests.xctest */ = {isa = PBXFileReference; explicitFileType = wrapper.cfbundle; includeInIndex = 0; path = VIPHubTests.xctest; sourceTree = BUILT_PRODUCTS_DIR; };
		FD4174142C74CC95005771EA /* VIPHubTests.swift */ = {isa = PBXFileReference; lastKnownFileType = sourcecode.swift; path = VIPHubTests.swift; sourceTree = "<group>"; };
		FD41741A2C74CC95005771EA /* VIPHubUITests.xctest */ = {isa = PBXFileReference; explicitFileType = wrapper.cfbundle; includeInIndex = 0; path = VIPHubUITests.xctest; sourceTree = BUILT_PRODUCTS_DIR; };
		FD41741E2C74CC95005771EA /* VIPHubUITests.swift */ = {isa = PBXFileReference; lastKnownFileType = sourcecode.swift; path = VIPHubUITests.swift; sourceTree = "<group>"; };
		FD4174202C74CC95005771EA /* VIPHubUITestsLaunchTests.swift */ = {isa = PBXFileReference; lastKnownFileType = sourcecode.swift; path = VIPHubUITestsLaunchTests.swift; sourceTree = "<group>"; };
		FD4174312C74CF25005771EA /* UsersView.swift */ = {isa = PBXFileReference; lastKnownFileType = sourcecode.swift; path = UsersView.swift; sourceTree = "<group>"; };
		FD4174332C74CF38005771EA /* UsersViewProtocol.swift */ = {isa = PBXFileReference; lastKnownFileType = sourcecode.swift; path = UsersViewProtocol.swift; sourceTree = "<group>"; };
		FD4174352C74CFFD005771EA /* UsersInteractor.swift */ = {isa = PBXFileReference; lastKnownFileType = sourcecode.swift; path = UsersInteractor.swift; sourceTree = "<group>"; };
		FD4174372C74D143005771EA /* UsersInteractorProtocol.swift */ = {isa = PBXFileReference; lastKnownFileType = sourcecode.swift; path = UsersInteractorProtocol.swift; sourceTree = "<group>"; };
		FD4174392C74D185005771EA /* UsersPresenterProtocol.swift */ = {isa = PBXFileReference; lastKnownFileType = sourcecode.swift; path = UsersPresenterProtocol.swift; sourceTree = "<group>"; };
		FD41743B2C74D197005771EA /* UsersPresenter.swift */ = {isa = PBXFileReference; lastKnownFileType = sourcecode.swift; path = UsersPresenter.swift; sourceTree = "<group>"; };
		FD876C5A2C75CC5800E4E35E /* GHUserResponse.swift */ = {isa = PBXFileReference; lastKnownFileType = sourcecode.swift; path = GHUserResponse.swift; sourceTree = "<group>"; };
		FD876C5C2C75CC6400E4E35E /* User.swift */ = {isa = PBXFileReference; lastKnownFileType = sourcecode.swift; path = User.swift; sourceTree = "<group>"; };
		FD876C5F2C75CD1900E4E35E /* UsersCache.swift */ = {isa = PBXFileReference; lastKnownFileType = sourcecode.swift; path = UsersCache.swift; sourceTree = "<group>"; };
		FD876C612C75CD2700E4E35E /* UserDetailsCache.swift */ = {isa = PBXFileReference; lastKnownFileType = sourcecode.swift; path = UserDetailsCache.swift; sourceTree = "<group>"; };
		FD876C642C75CD7600E4E35E /* UsersAPI.swift */ = {isa = PBXFileReference; lastKnownFileType = sourcecode.swift; path = UsersAPI.swift; sourceTree = "<group>"; };
		FD876C662C75CD9200E4E35E /* DetailsAPI.swift */ = {isa = PBXFileReference; lastKnownFileType = sourcecode.swift; path = DetailsAPI.swift; sourceTree = "<group>"; };
		FD876C682C75CDC500E4E35E /* UsersAPIimpl.swift */ = {isa = PBXFileReference; lastKnownFileType = sourcecode.swift; path = UsersAPIimpl.swift; sourceTree = "<group>"; };
		FD876C6A2C75CDF800E4E35E /* DetailsAPIimpl.swift */ = {isa = PBXFileReference; lastKnownFileType = sourcecode.swift; path = DetailsAPIimpl.swift; sourceTree = "<group>"; };
		FD876C722C75CE9500E4E35E /* UserDetails.swift */ = {isa = PBXFileReference; lastKnownFileType = sourcecode.swift; path = UserDetails.swift; sourceTree = "<group>"; };
		FD876C742C75CEF200E4E35E /* DetailsInteractorProtocol.swift */ = {isa = PBXFileReference; lastKnownFileType = sourcecode.swift; path = DetailsInteractorProtocol.swift; sourceTree = "<group>"; };
		FD876C762C75CF0100E4E35E /* DetailsInteractor.swift */ = {isa = PBXFileReference; lastKnownFileType = sourcecode.swift; path = DetailsInteractor.swift; sourceTree = "<group>"; };
		FD876C782C75CF0F00E4E35E /* DetailsPresenterProtocol.swift */ = {isa = PBXFileReference; lastKnownFileType = sourcecode.swift; path = DetailsPresenterProtocol.swift; sourceTree = "<group>"; };
		FD876C7A2C75CF2400E4E35E /* DetailsPresenter.swift */ = {isa = PBXFileReference; lastKnownFileType = sourcecode.swift; path = DetailsPresenter.swift; sourceTree = "<group>"; };
		FD876C7C2C75CF3200E4E35E /* DetailsViewProtocol.swift */ = {isa = PBXFileReference; lastKnownFileType = sourcecode.swift; path = DetailsViewProtocol.swift; sourceTree = "<group>"; };
		FD876C7E2C75CF4A00E4E35E /* DetailsView.swift */ = {isa = PBXFileReference; lastKnownFileType = sourcecode.swift; path = DetailsView.swift; sourceTree = "<group>"; };
		FD876C812C75CF6800E4E35E /* APIWorkerImpl.swift */ = {isa = PBXFileReference; lastKnownFileType = sourcecode.swift; path = APIWorkerImpl.swift; sourceTree = "<group>"; };
		FD876C832C75CF8D00E4E35E /* APIWorker.swift */ = {isa = PBXFileReference; lastKnownFileType = sourcecode.swift; path = APIWorker.swift; sourceTree = "<group>"; };
		FD8AB8822C7DAC3800686155 /* GlobalState.swift */ = {isa = PBXFileReference; lastKnownFileType = sourcecode.swift; path = GlobalState.swift; sourceTree = "<group>"; };
/* End PBXFileReference section */

/* Begin PBXFrameworksBuildPhase section */
		FD4173FD2C74CC8B005771EA /* Frameworks */ = {
			isa = PBXFrameworksBuildPhase;
			buildActionMask = 2147483647;
			files = (
			);
			runOnlyForDeploymentPostprocessing = 0;
		};
		FD41740D2C74CC95005771EA /* Frameworks */ = {
			isa = PBXFrameworksBuildPhase;
			buildActionMask = 2147483647;
			files = (
			);
			runOnlyForDeploymentPostprocessing = 0;
		};
		FD4174172C74CC95005771EA /* Frameworks */ = {
			isa = PBXFrameworksBuildPhase;
			buildActionMask = 2147483647;
			files = (
			);
			runOnlyForDeploymentPostprocessing = 0;
		};
/* End PBXFrameworksBuildPhase section */

/* Begin PBXGroup section */
		FD2576312C7F243800709493 /* Workers */ = {
			isa = PBXGroup;
			children = (
				FD2576322C7F245400709493 /* DetailsAPIWorker.swift */,
				FD2576342C7F249300709493 /* DetailsAPIWorkerImpl.swift */,
			);
			path = Workers;
			sourceTree = "<group>";
		};
		FD2576362C7F3D9800709493 /* Router */ = {
			isa = PBXGroup;
			children = (
				FD2576372C7F3DB400709493 /* UsersRouter.swift */,
				FD2576392C7F3E4E00709493 /* UsersRouterImpl.swift */,
			);
			path = Router;
			sourceTree = "<group>";
		};
		FD4173F72C74CC8B005771EA = {
			isa = PBXGroup;
			children = (
				FD4174012C74CC8B005771EA /* Products */,
				FD4174022C74CC8B005771EA /* VIPHub */,
				FD4174132C74CC95005771EA /* VIPHubTests */,
				FD41741D2C74CC95005771EA /* VIPHubUITests */,
			);
			sourceTree = "<group>";
		};
		FD4174012C74CC8B005771EA /* Products */ = {
			isa = PBXGroup;
			children = (
				FD4174002C74CC8B005771EA /* VIPHub.app */,
				FD4174102C74CC95005771EA /* VIPHubTests.xctest */,
				FD41741A2C74CC95005771EA /* VIPHubUITests.xctest */,
			);
			name = Products;
			sourceTree = "<group>";
		};
		FD4174022C74CC8B005771EA /* VIPHub */ = {
			isa = PBXGroup;
			children = (
				FD4174052C74CC8B005771EA /* ContentView.swift */,
				FD4174032C74CC8B005771EA /* VIPHubApp.swift */,
				FD4174072C74CC93005771EA /* Assets.xcassets */,
				FD876C5E2C75CD0000E4E35E /* Caches */,
				FD4174092C74CC93005771EA /* Preview Content */,
				FD876C632C75CD5900E4E35E /* Services */,
				FD876C6D2C75CE2C00E4E35E /* Views */,
				FD8AB8822C7DAC3800686155 /* GlobalState.swift */,
			);
			path = VIPHub;
			sourceTree = "<group>";
		};
		FD4174092C74CC93005771EA /* Preview Content */ = {
			isa = PBXGroup;
			children = (
				FD41740A2C74CC93005771EA /* Preview Assets.xcassets */,
			);
			path = "Preview Content";
			sourceTree = "<group>";
		};
		FD4174132C74CC95005771EA /* VIPHubTests */ = {
			isa = PBXGroup;
			children = (
				FD4174142C74CC95005771EA /* VIPHubTests.swift */,
			);
			path = VIPHubTests;
			sourceTree = "<group>";
		};
		FD41741D2C74CC95005771EA /* VIPHubUITests */ = {
			isa = PBXGroup;
			children = (
				FD41741E2C74CC95005771EA /* VIPHubUITests.swift */,
				FD4174202C74CC95005771EA /* VIPHubUITestsLaunchTests.swift */,
			);
			path = VIPHubUITests;
			sourceTree = "<group>";
		};
		FD41742D2C74CEBF005771EA /* UsersView */ = {
			isa = PBXGroup;
			children = (
				FD2576362C7F3D9800709493 /* Router */,
				FD876C802C75CF5A00E4E35E /* Workers */,
				FD41742F2C74CEDD005771EA /* Interactor */,
				FD876C592C75CC4100E4E35E /* Models */,
				FD4174302C74CEFD005771EA /* Presenter */,
				FD41742E2C74CED8005771EA /* View */,
			);
			path = UsersView;
			sourceTree = "<group>";
		};
		FD41742E2C74CED8005771EA /* View */ = {
			isa = PBXGroup;
			children = (
				FD4174312C74CF25005771EA /* UsersView.swift */,
				FD4174332C74CF38005771EA /* UsersViewProtocol.swift */,
			);
			path = View;
			sourceTree = "<group>";
		};
		FD41742F2C74CEDD005771EA /* Interactor */ = {
			isa = PBXGroup;
			children = (
				FD4174352C74CFFD005771EA /* UsersInteractor.swift */,
				FD4174372C74D143005771EA /* UsersInteractorProtocol.swift */,
			);
			path = Interactor;
			sourceTree = "<group>";
		};
		FD4174302C74CEFD005771EA /* Presenter */ = {
			isa = PBXGroup;
			children = (
				FD4174392C74D185005771EA /* UsersPresenterProtocol.swift */,
				FD41743B2C74D197005771EA /* UsersPresenter.swift */,
			);
			path = Presenter;
			sourceTree = "<group>";
		};
		FD876C592C75CC4100E4E35E /* Models */ = {
			isa = PBXGroup;
			children = (
				FD876C5A2C75CC5800E4E35E /* GHUserResponse.swift */,
				FD876C5C2C75CC6400E4E35E /* User.swift */,
			);
			path = Models;
			sourceTree = "<group>";
		};
		FD876C5E2C75CD0000E4E35E /* Caches */ = {
			isa = PBXGroup;
			children = (
				FD876C5F2C75CD1900E4E35E /* UsersCache.swift */,
				FD876C612C75CD2700E4E35E /* UserDetailsCache.swift */,
			);
			path = Caches;
			sourceTree = "<group>";
		};
		FD876C632C75CD5900E4E35E /* Services */ = {
			isa = PBXGroup;
			children = (
				FD876C642C75CD7600E4E35E /* UsersAPI.swift */,
				FD876C662C75CD9200E4E35E /* DetailsAPI.swift */,
				FD876C682C75CDC500E4E35E /* UsersAPIimpl.swift */,
				FD876C6A2C75CDF800E4E35E /* DetailsAPIimpl.swift */,
			);
			path = Services;
			sourceTree = "<group>";
		};
		FD876C6C2C75CE1D00E4E35E /* DetailsView */ = {
			isa = PBXGroup;
			children = (
				FD2576312C7F243800709493 /* Workers */,
				FD876C702C75CE4B00E4E35E /* Interactor */,
				FD876C6E2C75CE3900E4E35E /* Models */,
				FD876C6F2C75CE4100E4E35E /* Presenter */,
				FD876C712C75CE5A00E4E35E /* View */,
			);
			path = DetailsView;
			sourceTree = "<group>";
		};
		FD876C6D2C75CE2C00E4E35E /* Views */ = {
			isa = PBXGroup;
			children = (
				FD41742D2C74CEBF005771EA /* UsersView */,
				FD876C6C2C75CE1D00E4E35E /* DetailsView */,
			);
			path = Views;
			sourceTree = "<group>";
		};
		FD876C6E2C75CE3900E4E35E /* Models */ = {
			isa = PBXGroup;
			children = (
				FD876C722C75CE9500E4E35E /* UserDetails.swift */,
			);
			path = Models;
			sourceTree = "<group>";
		};
		FD876C6F2C75CE4100E4E35E /* Presenter */ = {
			isa = PBXGroup;
			children = (
				FD876C782C75CF0F00E4E35E /* DetailsPresenterProtocol.swift */,
				FD876C7A2C75CF2400E4E35E /* DetailsPresenter.swift */,
			);
			path = Presenter;
			sourceTree = "<group>";
		};
		FD876C702C75CE4B00E4E35E /* Interactor */ = {
			isa = PBXGroup;
			children = (
				FD876C742C75CEF200E4E35E /* DetailsInteractorProtocol.swift */,
				FD876C762C75CF0100E4E35E /* DetailsInteractor.swift */,
			);
			path = Interactor;
			sourceTree = "<group>";
		};
		FD876C712C75CE5A00E4E35E /* View */ = {
			isa = PBXGroup;
			children = (
				FD876C7C2C75CF3200E4E35E /* DetailsViewProtocol.swift */,
				FD876C7E2C75CF4A00E4E35E /* DetailsView.swift */,
			);
			path = View;
			sourceTree = "<group>";
		};
		FD876C802C75CF5A00E4E35E /* Workers */ = {
			isa = PBXGroup;
			children = (
				FD876C812C75CF6800E4E35E /* APIWorkerImpl.swift */,
				FD876C832C75CF8D00E4E35E /* APIWorker.swift */,
			);
			path = Workers;
			sourceTree = "<group>";
		};
/* End PBXGroup section */

/* Begin PBXNativeTarget section */
		FD4173FF2C74CC8B005771EA /* VIPHub */ = {
			isa = PBXNativeTarget;
			buildConfigurationList = FD4174242C74CC95005771EA /* Build configuration list for PBXNativeTarget "VIPHub" */;
			buildPhases = (
				FD4173FC2C74CC8B005771EA /* Sources */,
				FD4173FD2C74CC8B005771EA /* Frameworks */,
				FD4173FE2C74CC8B005771EA /* Resources */,
			);
			buildRules = (
			);
			dependencies = (
			);
			name = VIPHub;
			productName = VIPHub;
			productReference = FD4174002C74CC8B005771EA /* VIPHub.app */;
			productType = "com.apple.product-type.application";
		};
		FD41740F2C74CC95005771EA /* VIPHubTests */ = {
			isa = PBXNativeTarget;
			buildConfigurationList = FD4174272C74CC95005771EA /* Build configuration list for PBXNativeTarget "VIPHubTests" */;
			buildPhases = (
				FD41740C2C74CC95005771EA /* Sources */,
				FD41740D2C74CC95005771EA /* Frameworks */,
				FD41740E2C74CC95005771EA /* Resources */,
			);
			buildRules = (
			);
			dependencies = (
				FD4174122C74CC95005771EA /* PBXTargetDependency */,
			);
			name = VIPHubTests;
			productName = VIPHubTests;
			productReference = FD4174102C74CC95005771EA /* VIPHubTests.xctest */;
			productType = "com.apple.product-type.bundle.unit-test";
		};
		FD4174192C74CC95005771EA /* VIPHubUITests */ = {
			isa = PBXNativeTarget;
			buildConfigurationList = FD41742A2C74CC95005771EA /* Build configuration list for PBXNativeTarget "VIPHubUITests" */;
			buildPhases = (
				FD4174162C74CC95005771EA /* Sources */,
				FD4174172C74CC95005771EA /* Frameworks */,
				FD4174182C74CC95005771EA /* Resources */,
			);
			buildRules = (
			);
			dependencies = (
				FD41741C2C74CC95005771EA /* PBXTargetDependency */,
			);
			name = VIPHubUITests;
			productName = VIPHubUITests;
			productReference = FD41741A2C74CC95005771EA /* VIPHubUITests.xctest */;
			productType = "com.apple.product-type.bundle.ui-testing";
		};
/* End PBXNativeTarget section */

/* Begin PBXProject section */
		FD4173F82C74CC8B005771EA /* Project object */ = {
			isa = PBXProject;
			attributes = {
				BuildIndependentTargetsInParallel = 1;
				LastSwiftUpdateCheck = 1540;
				LastUpgradeCheck = 1540;
				TargetAttributes = {
					FD4173FF2C74CC8B005771EA = {
						CreatedOnToolsVersion = 15.4;
					};
					FD41740F2C74CC95005771EA = {
						CreatedOnToolsVersion = 15.4;
						TestTargetID = FD4173FF2C74CC8B005771EA;
					};
					FD4174192C74CC95005771EA = {
						CreatedOnToolsVersion = 15.4;
						TestTargetID = FD4173FF2C74CC8B005771EA;
					};
				};
			};
			buildConfigurationList = FD4173FB2C74CC8B005771EA /* Build configuration list for PBXProject "VIPHub" */;
			compatibilityVersion = "Xcode 14.0";
			developmentRegion = en;
			hasScannedForEncodings = 0;
			knownRegions = (
				en,
				Base,
			);
			mainGroup = FD4173F72C74CC8B005771EA;
			productRefGroup = FD4174012C74CC8B005771EA /* Products */;
			projectDirPath = "";
			projectRoot = "";
			targets = (
				FD4173FF2C74CC8B005771EA /* VIPHub */,
				FD41740F2C74CC95005771EA /* VIPHubTests */,
				FD4174192C74CC95005771EA /* VIPHubUITests */,
			);
		};
/* End PBXProject section */

/* Begin PBXResourcesBuildPhase section */
		FD4173FE2C74CC8B005771EA /* Resources */ = {
			isa = PBXResourcesBuildPhase;
			buildActionMask = 2147483647;
			files = (
				FD41740B2C74CC93005771EA /* Preview Assets.xcassets in Resources */,
				FD4174082C74CC93005771EA /* Assets.xcassets in Resources */,
			);
			runOnlyForDeploymentPostprocessing = 0;
		};
		FD41740E2C74CC95005771EA /* Resources */ = {
			isa = PBXResourcesBuildPhase;
			buildActionMask = 2147483647;
			files = (
			);
			runOnlyForDeploymentPostprocessing = 0;
		};
		FD4174182C74CC95005771EA /* Resources */ = {
			isa = PBXResourcesBuildPhase;
			buildActionMask = 2147483647;
			files = (
			);
			runOnlyForDeploymentPostprocessing = 0;
		};
/* End PBXResourcesBuildPhase section */

/* Begin PBXSourcesBuildPhase section */
		FD4173FC2C74CC8B005771EA /* Sources */ = {
			isa = PBXSourcesBuildPhase;
			buildActionMask = 2147483647;
			files = (
				FD41743A2C74D185005771EA /* UsersPresenterProtocol.swift in Sources */,
				FD876C6B2C75CDF800E4E35E /* DetailsAPIimpl.swift in Sources */,
				FD41743C2C74D197005771EA /* UsersPresenter.swift in Sources */,
				FD876C652C75CD7600E4E35E /* UsersAPI.swift in Sources */,
				FD876C842C75CF8D00E4E35E /* APIWorker.swift in Sources */,
				FD4174062C74CC8B005771EA /* ContentView.swift in Sources */,
				FD876C752C75CEF200E4E35E /* DetailsInteractorProtocol.swift in Sources */,
				FD876C772C75CF0100E4E35E /* DetailsInteractor.swift in Sources */,
				FD4174362C74CFFD005771EA /* UsersInteractor.swift in Sources */,
				FD2576352C7F249300709493 /* DetailsAPIWorkerImpl.swift in Sources */,
				FD8AB8832C7DAC3800686155 /* GlobalState.swift in Sources */,
				FD876C602C75CD1900E4E35E /* UsersCache.swift in Sources */,
				FD876C792C75CF0F00E4E35E /* DetailsPresenterProtocol.swift in Sources */,
				FD2576332C7F245400709493 /* DetailsAPIWorker.swift in Sources */,
				FD4174342C74CF38005771EA /* UsersViewProtocol.swift in Sources */,
				FD876C672C75CD9200E4E35E /* DetailsAPI.swift in Sources */,
				FD2576382C7F3DB400709493 /* UsersRouter.swift in Sources */,
				FD876C5B2C75CC5800E4E35E /* GHUserResponse.swift in Sources */,
				FD4174382C74D143005771EA /* UsersInteractorProtocol.swift in Sources */,
				FD4174322C74CF25005771EA /* UsersView.swift in Sources */,
				FD876C7D2C75CF3200E4E35E /* DetailsViewProtocol.swift in Sources */,
				FD876C7F2C75CF4A00E4E35E /* DetailsView.swift in Sources */,
				FD876C692C75CDC500E4E35E /* UsersAPIimpl.swift in Sources */,
				FD876C5D2C75CC6400E4E35E /* User.swift in Sources */,
				FD876C7B2C75CF2400E4E35E /* DetailsPresenter.swift in Sources */,
				FD876C622C75CD2700E4E35E /* UserDetailsCache.swift in Sources */,
				FD876C732C75CE9500E4E35E /* UserDetails.swift in Sources */,
				FD25763A2C7F3E4E00709493 /* UsersRouterImpl.swift in Sources */,
				FD876C822C75CF6800E4E35E /* APIWorkerImpl.swift in Sources */,
				FD4174042C74CC8B005771EA /* VIPHubApp.swift in Sources */,
			);
			runOnlyForDeploymentPostprocessing = 0;
		};
		FD41740C2C74CC95005771EA /* Sources */ = {
			isa = PBXSourcesBuildPhase;
			buildActionMask = 2147483647;
			files = (
				FD4174152C74CC95005771EA /* VIPHubTests.swift in Sources */,
			);
			runOnlyForDeploymentPostprocessing = 0;
		};
		FD4174162C74CC95005771EA /* Sources */ = {
			isa = PBXSourcesBuildPhase;
			buildActionMask = 2147483647;
			files = (
				FD4174212C74CC95005771EA /* VIPHubUITestsLaunchTests.swift in Sources */,
				FD41741F2C74CC95005771EA /* VIPHubUITests.swift in Sources */,
			);
			runOnlyForDeploymentPostprocessing = 0;
		};
/* End PBXSourcesBuildPhase section */

/* Begin PBXTargetDependency section */
		FD4174122C74CC95005771EA /* PBXTargetDependency */ = {
			isa = PBXTargetDependency;
			target = FD4173FF2C74CC8B005771EA /* VIPHub */;
			targetProxy = FD4174112C74CC95005771EA /* PBXContainerItemProxy */;
		};
		FD41741C2C74CC95005771EA /* PBXTargetDependency */ = {
			isa = PBXTargetDependency;
			target = FD4173FF2C74CC8B005771EA /* VIPHub */;
			targetProxy = FD41741B2C74CC95005771EA /* PBXContainerItemProxy */;
		};
/* End PBXTargetDependency section */

/* Begin XCBuildConfiguration section */
		FD4174222C74CC95005771EA /* Debug */ = {
			isa = XCBuildConfiguration;
			buildSettings = {
				ALWAYS_SEARCH_USER_PATHS = NO;
				ASSETCATALOG_COMPILER_GENERATE_SWIFT_ASSET_SYMBOL_EXTENSIONS = YES;
				CLANG_ANALYZER_NONNULL = YES;
				CLANG_ANALYZER_NUMBER_OBJECT_CONVERSION = YES_AGGRESSIVE;
				CLANG_CXX_LANGUAGE_STANDARD = "gnu++20";
				CLANG_ENABLE_MODULES = YES;
				CLANG_ENABLE_OBJC_ARC = YES;
				CLANG_ENABLE_OBJC_WEAK = YES;
				CLANG_WARN_BLOCK_CAPTURE_AUTORELEASING = YES;
				CLANG_WARN_BOOL_CONVERSION = YES;
				CLANG_WARN_COMMA = YES;
				CLANG_WARN_CONSTANT_CONVERSION = YES;
				CLANG_WARN_DEPRECATED_OBJC_IMPLEMENTATIONS = YES;
				CLANG_WARN_DIRECT_OBJC_ISA_USAGE = YES_ERROR;
				CLANG_WARN_DOCUMENTATION_COMMENTS = YES;
				CLANG_WARN_EMPTY_BODY = YES;
				CLANG_WARN_ENUM_CONVERSION = YES;
				CLANG_WARN_INFINITE_RECURSION = YES;
				CLANG_WARN_INT_CONVERSION = YES;
				CLANG_WARN_NON_LITERAL_NULL_CONVERSION = YES;
				CLANG_WARN_OBJC_IMPLICIT_RETAIN_SELF = YES;
				CLANG_WARN_OBJC_LITERAL_CONVERSION = YES;
				CLANG_WARN_OBJC_ROOT_CLASS = YES_ERROR;
				CLANG_WARN_QUOTED_INCLUDE_IN_FRAMEWORK_HEADER = YES;
				CLANG_WARN_RANGE_LOOP_ANALYSIS = YES;
				CLANG_WARN_STRICT_PROTOTYPES = YES;
				CLANG_WARN_SUSPICIOUS_MOVE = YES;
				CLANG_WARN_UNGUARDED_AVAILABILITY = YES_AGGRESSIVE;
				CLANG_WARN_UNREACHABLE_CODE = YES;
				CLANG_WARN__DUPLICATE_METHOD_MATCH = YES;
				COPY_PHASE_STRIP = NO;
				DEBUG_INFORMATION_FORMAT = dwarf;
				ENABLE_STRICT_OBJC_MSGSEND = YES;
				ENABLE_TESTABILITY = YES;
				ENABLE_USER_SCRIPT_SANDBOXING = YES;
				GCC_C_LANGUAGE_STANDARD = gnu17;
				GCC_DYNAMIC_NO_PIC = NO;
				GCC_NO_COMMON_BLOCKS = YES;
				GCC_OPTIMIZATION_LEVEL = 0;
				GCC_PREPROCESSOR_DEFINITIONS = (
					"DEBUG=1",
					"$(inherited)",
				);
				GCC_WARN_64_TO_32_BIT_CONVERSION = YES;
				GCC_WARN_ABOUT_RETURN_TYPE = YES_ERROR;
				GCC_WARN_UNDECLARED_SELECTOR = YES;
				GCC_WARN_UNINITIALIZED_AUTOS = YES_AGGRESSIVE;
				GCC_WARN_UNUSED_FUNCTION = YES;
				GCC_WARN_UNUSED_VARIABLE = YES;
				IPHONEOS_DEPLOYMENT_TARGET = 17.5;
				LOCALIZATION_PREFERS_STRING_CATALOGS = YES;
				MTL_ENABLE_DEBUG_INFO = INCLUDE_SOURCE;
				MTL_FAST_MATH = YES;
				ONLY_ACTIVE_ARCH = YES;
				SDKROOT = iphoneos;
				SWIFT_ACTIVE_COMPILATION_CONDITIONS = "DEBUG $(inherited)";
				SWIFT_OPTIMIZATION_LEVEL = "-Onone";
			};
			name = Debug;
		};
		FD4174232C74CC95005771EA /* Release */ = {
			isa = XCBuildConfiguration;
			buildSettings = {
				ALWAYS_SEARCH_USER_PATHS = NO;
				ASSETCATALOG_COMPILER_GENERATE_SWIFT_ASSET_SYMBOL_EXTENSIONS = YES;
				CLANG_ANALYZER_NONNULL = YES;
				CLANG_ANALYZER_NUMBER_OBJECT_CONVERSION = YES_AGGRESSIVE;
				CLANG_CXX_LANGUAGE_STANDARD = "gnu++20";
				CLANG_ENABLE_MODULES = YES;
				CLANG_ENABLE_OBJC_ARC = YES;
				CLANG_ENABLE_OBJC_WEAK = YES;
				CLANG_WARN_BLOCK_CAPTURE_AUTORELEASING = YES;
				CLANG_WARN_BOOL_CONVERSION = YES;
				CLANG_WARN_COMMA = YES;
				CLANG_WARN_CONSTANT_CONVERSION = YES;
				CLANG_WARN_DEPRECATED_OBJC_IMPLEMENTATIONS = YES;
				CLANG_WARN_DIRECT_OBJC_ISA_USAGE = YES_ERROR;
				CLANG_WARN_DOCUMENTATION_COMMENTS = YES;
				CLANG_WARN_EMPTY_BODY = YES;
				CLANG_WARN_ENUM_CONVERSION = YES;
				CLANG_WARN_INFINITE_RECURSION = YES;
				CLANG_WARN_INT_CONVERSION = YES;
				CLANG_WARN_NON_LITERAL_NULL_CONVERSION = YES;
				CLANG_WARN_OBJC_IMPLICIT_RETAIN_SELF = YES;
				CLANG_WARN_OBJC_LITERAL_CONVERSION = YES;
				CLANG_WARN_OBJC_ROOT_CLASS = YES_ERROR;
				CLANG_WARN_QUOTED_INCLUDE_IN_FRAMEWORK_HEADER = YES;
				CLANG_WARN_RANGE_LOOP_ANALYSIS = YES;
				CLANG_WARN_STRICT_PROTOTYPES = YES;
				CLANG_WARN_SUSPICIOUS_MOVE = YES;
				CLANG_WARN_UNGUARDED_AVAILABILITY = YES_AGGRESSIVE;
				CLANG_WARN_UNREACHABLE_CODE = YES;
				CLANG_WARN__DUPLICATE_METHOD_MATCH = YES;
				COPY_PHASE_STRIP = NO;
				DEBUG_INFORMATION_FORMAT = "dwarf-with-dsym";
				ENABLE_NS_ASSERTIONS = NO;
				ENABLE_STRICT_OBJC_MSGSEND = YES;
				ENABLE_USER_SCRIPT_SANDBOXING = YES;
				GCC_C_LANGUAGE_STANDARD = gnu17;
				GCC_NO_COMMON_BLOCKS = YES;
				GCC_WARN_64_TO_32_BIT_CONVERSION = YES;
				GCC_WARN_ABOUT_RETURN_TYPE = YES_ERROR;
				GCC_WARN_UNDECLARED_SELECTOR = YES;
				GCC_WARN_UNINITIALIZED_AUTOS = YES_AGGRESSIVE;
				GCC_WARN_UNUSED_FUNCTION = YES;
				GCC_WARN_UNUSED_VARIABLE = YES;
				IPHONEOS_DEPLOYMENT_TARGET = 17.5;
				LOCALIZATION_PREFERS_STRING_CATALOGS = YES;
				MTL_ENABLE_DEBUG_INFO = NO;
				MTL_FAST_MATH = YES;
				SDKROOT = iphoneos;
				SWIFT_COMPILATION_MODE = wholemodule;
				VALIDATE_PRODUCT = YES;
			};
			name = Release;
		};
		FD4174252C74CC95005771EA /* Debug */ = {
			isa = XCBuildConfiguration;
			buildSettings = {
				ASSETCATALOG_COMPILER_APPICON_NAME = AppIcon;
				ASSETCATALOG_COMPILER_GLOBAL_ACCENT_COLOR_NAME = AccentColor;
				CODE_SIGN_STYLE = Automatic;
				CURRENT_PROJECT_VERSION = 1;
				DEVELOPMENT_ASSET_PATHS = "\"VIPHub/Preview Content\"";
				ENABLE_PREVIEWS = YES;
				GENERATE_INFOPLIST_FILE = YES;
				INFOPLIST_KEY_UIApplicationSceneManifest_Generation = YES;
				INFOPLIST_KEY_UIApplicationSupportsIndirectInputEvents = YES;
				INFOPLIST_KEY_UILaunchScreen_Generation = YES;
				INFOPLIST_KEY_UISupportedInterfaceOrientations_iPad = "UIInterfaceOrientationPortrait UIInterfaceOrientationPortraitUpsideDown UIInterfaceOrientationLandscapeLeft UIInterfaceOrientationLandscapeRight";
				INFOPLIST_KEY_UISupportedInterfaceOrientations_iPhone = "UIInterfaceOrientationPortrait UIInterfaceOrientationLandscapeLeft UIInterfaceOrientationLandscapeRight";
				LD_RUNPATH_SEARCH_PATHS = (
					"$(inherited)",
					"@executable_path/Frameworks",
				);
				MARKETING_VERSION = 1.0;
				PRODUCT_BUNDLE_IDENTIFIER = com.elders.github.VIPHub;
				PRODUCT_NAME = "$(TARGET_NAME)";
				SWIFT_EMIT_LOC_STRINGS = YES;
				SWIFT_VERSION = 5.0;
				TARGETED_DEVICE_FAMILY = "1,2";
			};
			name = Debug;
		};
		FD4174262C74CC95005771EA /* Release */ = {
			isa = XCBuildConfiguration;
			buildSettings = {
				ASSETCATALOG_COMPILER_APPICON_NAME = AppIcon;
				ASSETCATALOG_COMPILER_GLOBAL_ACCENT_COLOR_NAME = AccentColor;
				CODE_SIGN_STYLE = Automatic;
				CURRENT_PROJECT_VERSION = 1;
				DEVELOPMENT_ASSET_PATHS = "\"VIPHub/Preview Content\"";
				ENABLE_PREVIEWS = YES;
				GENERATE_INFOPLIST_FILE = YES;
				INFOPLIST_KEY_UIApplicationSceneManifest_Generation = YES;
				INFOPLIST_KEY_UIApplicationSupportsIndirectInputEvents = YES;
				INFOPLIST_KEY_UILaunchScreen_Generation = YES;
				INFOPLIST_KEY_UISupportedInterfaceOrientations_iPad = "UIInterfaceOrientationPortrait UIInterfaceOrientationPortraitUpsideDown UIInterfaceOrientationLandscapeLeft UIInterfaceOrientationLandscapeRight";
				INFOPLIST_KEY_UISupportedInterfaceOrientations_iPhone = "UIInterfaceOrientationPortrait UIInterfaceOrientationLandscapeLeft UIInterfaceOrientationLandscapeRight";
				LD_RUNPATH_SEARCH_PATHS = (
					"$(inherited)",
					"@executable_path/Frameworks",
				);
				MARKETING_VERSION = 1.0;
				PRODUCT_BUNDLE_IDENTIFIER = com.elders.github.VIPHub;
				PRODUCT_NAME = "$(TARGET_NAME)";
				SWIFT_EMIT_LOC_STRINGS = YES;
				SWIFT_VERSION = 5.0;
				TARGETED_DEVICE_FAMILY = "1,2";
			};
			name = Release;
		};
		FD4174282C74CC95005771EA /* Debug */ = {
			isa = XCBuildConfiguration;
			buildSettings = {
				ALWAYS_EMBED_SWIFT_STANDARD_LIBRARIES = YES;
				BUNDLE_LOADER = "$(TEST_HOST)";
				CODE_SIGN_STYLE = Automatic;
				CURRENT_PROJECT_VERSION = 1;
				GENERATE_INFOPLIST_FILE = YES;
				IPHONEOS_DEPLOYMENT_TARGET = 17.5;
				MARKETING_VERSION = 1.0;
				PRODUCT_BUNDLE_IDENTIFIER = com.elders.github.VIPHubTests;
				PRODUCT_NAME = "$(TARGET_NAME)";
				SWIFT_EMIT_LOC_STRINGS = NO;
				SWIFT_VERSION = 5.0;
				TARGETED_DEVICE_FAMILY = "1,2";
				TEST_HOST = "$(BUILT_PRODUCTS_DIR)/VIPHub.app/$(BUNDLE_EXECUTABLE_FOLDER_PATH)/VIPHub";
			};
			name = Debug;
		};
		FD4174292C74CC95005771EA /* Release */ = {
			isa = XCBuildConfiguration;
			buildSettings = {
				ALWAYS_EMBED_SWIFT_STANDARD_LIBRARIES = YES;
				BUNDLE_LOADER = "$(TEST_HOST)";
				CODE_SIGN_STYLE = Automatic;
				CURRENT_PROJECT_VERSION = 1;
				GENERATE_INFOPLIST_FILE = YES;
				IPHONEOS_DEPLOYMENT_TARGET = 17.5;
				MARKETING_VERSION = 1.0;
				PRODUCT_BUNDLE_IDENTIFIER = com.elders.github.VIPHubTests;
				PRODUCT_NAME = "$(TARGET_NAME)";
				SWIFT_EMIT_LOC_STRINGS = NO;
				SWIFT_VERSION = 5.0;
				TARGETED_DEVICE_FAMILY = "1,2";
				TEST_HOST = "$(BUILT_PRODUCTS_DIR)/VIPHub.app/$(BUNDLE_EXECUTABLE_FOLDER_PATH)/VIPHub";
			};
			name = Release;
		};
		FD41742B2C74CC95005771EA /* Debug */ = {
			isa = XCBuildConfiguration;
			buildSettings = {
				ALWAYS_EMBED_SWIFT_STANDARD_LIBRARIES = YES;
				CODE_SIGN_STYLE = Automatic;
				CURRENT_PROJECT_VERSION = 1;
				GENERATE_INFOPLIST_FILE = YES;
				MARKETING_VERSION = 1.0;
				PRODUCT_BUNDLE_IDENTIFIER = com.elders.github.VIPHubUITests;
				PRODUCT_NAME = "$(TARGET_NAME)";
				SWIFT_EMIT_LOC_STRINGS = NO;
				SWIFT_VERSION = 5.0;
				TARGETED_DEVICE_FAMILY = "1,2";
				TEST_TARGET_NAME = VIPHub;
			};
			name = Debug;
		};
		FD41742C2C74CC95005771EA /* Release */ = {
			isa = XCBuildConfiguration;
			buildSettings = {
				ALWAYS_EMBED_SWIFT_STANDARD_LIBRARIES = YES;
				CODE_SIGN_STYLE = Automatic;
				CURRENT_PROJECT_VERSION = 1;
				GENERATE_INFOPLIST_FILE = YES;
				MARKETING_VERSION = 1.0;
				PRODUCT_BUNDLE_IDENTIFIER = com.elders.github.VIPHubUITests;
				PRODUCT_NAME = "$(TARGET_NAME)";
				SWIFT_EMIT_LOC_STRINGS = NO;
				SWIFT_VERSION = 5.0;
				TARGETED_DEVICE_FAMILY = "1,2";
				TEST_TARGET_NAME = VIPHub;
			};
			name = Release;
		};
/* End XCBuildConfiguration section */

/* Begin XCConfigurationList section */
		FD4173FB2C74CC8B005771EA /* Build configuration list for PBXProject "VIPHub" */ = {
			isa = XCConfigurationList;
			buildConfigurations = (
				FD4174222C74CC95005771EA /* Debug */,
				FD4174232C74CC95005771EA /* Release */,
			);
			defaultConfigurationIsVisible = 0;
			defaultConfigurationName = Release;
		};
		FD4174242C74CC95005771EA /* Build configuration list for PBXNativeTarget "VIPHub" */ = {
			isa = XCConfigurationList;
			buildConfigurations = (
				FD4174252C74CC95005771EA /* Debug */,
				FD4174262C74CC95005771EA /* Release */,
			);
			defaultConfigurationIsVisible = 0;
			defaultConfigurationName = Release;
		};
		FD4174272C74CC95005771EA /* Build configuration list for PBXNativeTarget "VIPHubTests" */ = {
			isa = XCConfigurationList;
			buildConfigurations = (
				FD4174282C74CC95005771EA /* Debug */,
				FD4174292C74CC95005771EA /* Release */,
			);
			defaultConfigurationIsVisible = 0;
			defaultConfigurationName = Release;
		};
		FD41742A2C74CC95005771EA /* Build configuration list for PBXNativeTarget "VIPHubUITests" */ = {
			isa = XCConfigurationList;
			buildConfigurations = (
				FD41742B2C74CC95005771EA /* Debug */,
				FD41742C2C74CC95005771EA /* Release */,
			);
			defaultConfigurationIsVisible = 0;
			defaultConfigurationName = Release;
		};
/* End XCConfigurationList section */
	};
	rootObject = FD4173F82C74CC8B005771EA /* Project object */;
}
